{
  "name": "@sweetalert2/theme-bootstrap-4",
  "version": "2.1.0",
  "lockfileVersion": 3,
  "requires": true,
  "packages": {
    "": {
      "name": "@sweetalert2/theme-bootstrap-4",
      "version": "2.1.0",
      "license": "MIT",
      "dependencies": {
        "@sweetalert2/theme-bootstrap-4": "file:"
      }
    },
    "node_modules/@sweetalert2/theme-bootstrap-4": {
      "resolved": "",
      "link": true
    }
  }
}
